
Microsoft Visual Studio Solution File, Format Version 12.00
# Visual Studio Version 17
VisualStudioVersion = 17.6.33801.468
MinimumVisualStudioVersion = 10.0.40219.1
Project("{9A19103F-16F7-4668-BE54-9A1E7A4F7556}") = "PokerLibrary", "PokerLibrary\PokerLibrary.csproj", "{73891E75-94FF-4E61-B7F8-ED0A3A9372B1}"
EndProject
Project("{9A19103F-16F7-4668-BE54-9A1E7A4F7556}") = "PokerDemo", "PokerDemo\PokerDemo.csproj", "{868C792D-D9FB-4062-8B8A-9ABA08DCC627}"
EndProject
Project("{9A19103F-16F7-4668-BE54-9A1E7A4F7556}") = "PokerTests", "PokerTests\PokerTests.csproj", "{91F9000C-FF57-481B-B895-75AE9E02BE90}"
EndProject
Project("{FAE04EC0-301F-11D3-BF4B-00C04F79EFBC}") = "Poker", "Poker\Poker.csproj", "{5488AE77-855D-4129-A81C-92BEC02DBEFC}"
EndProject
Project("{FAE04EC0-301F-11D3-BF4B-00C04F79EFBC}") = "Example", "Poker-Console\Example.csproj", "{92EA70C7-C965-4662-92F9-59D3B1795674}"
EndProject
Project("{FAE04EC0-301F-11D3-BF4B-00C04F79EFBC}") = "Unit-Tests", "Unit-Tests\Unit-Tests.csproj", "{6688D787-22E0-4DF6-9DD5-8313E1E90B61}"
EndProject
Global
	GlobalSection(SolutionConfigurationPlatforms) = preSolution
		Debug|Any CPU = Debug|Any CPU
		Release|Any CPU = Release|Any CPU
	EndGlobalSection
	GlobalSection(ProjectConfigurationPlatforms) = postSolution
		{73891E75-94FF-4E61-B7F8-ED0A3A9372B1}.Debug|Any CPU.ActiveCfg = Debug|Any CPU
		{73891E75-94FF-4E61-B7F8-ED0A3A9372B1}.Debug|Any CPU.Build.0 = Debug|Any CPU
		{73891E75-94FF-4E61-B7F8-ED0A3A9372B1}.Release|Any CPU.ActiveCfg = Release|Any CPU
		{73891E75-94FF-4E61-B7F8-ED0A3A9372B1}.Release|Any CPU.Build.0 = Release|Any CPU
		{868C792D-D9FB-4062-8B8A-9ABA08DCC627}.Debug|Any CPU.ActiveCfg = Debug|Any CPU
		{868C792D-D9FB-4062-8B8A-9ABA08DCC627}.Debug|Any CPU.Build.0 = Debug|Any CPU
		{868C792D-D9FB-4062-8B8A-9ABA08DCC627}.Release|Any CPU.ActiveCfg = Release|Any CPU
		{868C792D-D9FB-4062-8B8A-9ABA08DCC627}.Release|Any CPU.Build.0 = Release|Any CPU
		{91F9000C-FF57-481B-B895-75AE9E02BE90}.Debug|Any CPU.ActiveCfg = Debug|Any CPU
		{91F9000C-FF57-481B-B895-75AE9E02BE90}.Debug|Any CPU.Build.0 = Debug|Any CPU
		{91F9000C-FF57-481B-B895-75AE9E02BE90}.Release|Any CPU.ActiveCfg = Release|Any CPU
		{91F9000C-FF57-481B-B895-75AE9E02BE90}.Release|Any CPU.Build.0 = Release|Any CPU
		{5488AE77-855D-4129-A81C-92BEC02DBEFC}.Debug|Any CPU.ActiveCfg = Debug|Any CPU
		{5488AE77-855D-4129-A81C-92BEC02DBEFC}.Debug|Any CPU.Build.0 = Debug|Any CPU
		{5488AE77-855D-4129-A81C-92BEC02DBEFC}.Release|Any CPU.ActiveCfg = Release|Any CPU
		{5488AE77-855D-4129-A81C-92BEC02DBEFC}.Release|Any CPU.Build.0 = Release|Any CPU
		{92EA70C7-C965-4662-92F9-59D3B1795674}.Debug|Any CPU.ActiveCfg = Debug|Any CPU
		{92EA70C7-C965-4662-92F9-59D3B1795674}.Debug|Any CPU.Build.0 = Debug|Any CPU
		{92EA70C7-C965-4662-92F9-59D3B1795674}.Release|Any CPU.ActiveCfg = Release|Any CPU
		{92EA70C7-C965-4662-92F9-59D3B1795674}.Release|Any CPU.Build.0 = Release|Any CPU
		{6688D787-22E0-4DF6-9DD5-8313E1E90B61}.Debug|Any CPU.ActiveCfg = Debug|Any CPU
		{6688D787-22E0-4DF6-9DD5-8313E1E90B61}.Debug|Any CPU.Build.0 = Debug|Any CPU
		{6688D787-22E0-4DF6-9DD5-8313E1E90B61}.Release|Any CPU.ActiveCfg = Release|Any CPU
		{6688D787-22E0-4DF6-9DD5-8313E1E90B61}.Release|Any CPU.Build.0 = Release|Any CPU
	EndGlobalSection
	GlobalSection(SolutionProperties) = preSolution
		HideSolutionNode = FALSE
	EndGlobalSection
	GlobalSection(ExtensibilityGlobals) = postSolution
		SolutionGuid = {2A5C60B1-7A53-432C-A104-430BE2ECAAEA}
	EndGlobalSection
EndGlobal
